// !$*UTF8*$!
{
	archiveVersion = 1;
	classes = {
	};
	objectVersion = 46;
	objects = {

/* Begin PBXBuildFile section */
		24B710391B7F20160075CFFC /* AppDelegate.swift in Sources */ = {isa = PBXBuildFile; fileRef = 24B710381B7F20160075CFFC /* AppDelegate.swift */; };
		24B7103B1B7F20160075CFFC /* ViewController.swift in Sources */ = {isa = PBXBuildFile; fileRef = 24B7103A1B7F20160075CFFC /* ViewController.swift */; };
		24B7103E1B7F20160075CFFC /* Main.storyboard in Resources */ = {isa = PBXBuildFile; fileRef = 24B7103C1B7F20160075CFFC /* Main.storyboard */; };
		24B710401B7F20160075CFFC /* Images.xcassets in Resources */ = {isa = PBXBuildFile; fileRef = 24B7103F1B7F20160075CFFC /* Images.xcassets */; };
		24B710431B7F20170075CFFC /* LaunchScreen.xib in Resources */ = {isa = PBXBuildFile; fileRef = 24B710411B7F20160075CFFC /* LaunchScreen.xib */; };
		24B7104F1B7F20170075CFFC /* SIFloatingCollectionExample_SwiftTests.swift in Sources */ = {isa = PBXBuildFile; fileRef = 24B7104E1B7F20170075CFFC /* SIFloatingCollectionExample_SwiftTests.swift */; };
		24B7105A1B7F20620075CFFC /* SIFloatingNode.swift in Sources */ = {isa = PBXBuildFile; fileRef = 24B710591B7F20620075CFFC /* SIFloatingNode.swift */; };
		24B7105C1B7F20810075CFFC /* SIFloatingCollectionScene.swift in Sources */ = {isa = PBXBuildFile; fileRef = 24B7105B1B7F20810075CFFC /* SIFloatingCollectionScene.swift */; };
		24B7105E1B7F20B80075CFFC /* CGFloat.swift in Sources */ = {isa = PBXBuildFile; fileRef = 24B7105D1B7F20B80075CFFC /* CGFloat.swift */; };
		24B710601B7F21270075CFFC /* CoreGraphics.framework in Frameworks */ = {isa = PBXBuildFile; fileRef = 24B7105F1B7F21270075CFFC /* CoreGraphics.framework */; };
		24B710621B7F220B0075CFFC /* BubbleTextNode.swift in Sources */ = {isa = PBXBuildFile; fileRef = 24B710611B7F220B0075CFFC /* BubbleTextNode.swift */; };
		24B710641B7F229F0075CFFC /* BubblesScece.swift in Sources */ = {isa = PBXBuildFile; fileRef = 24B710631B7F229F0075CFFC /* BubblesScece.swift */; };
/* End PBXBuildFile section */

/* Begin PBXContainerItemProxy section */
		24B710491B7F20170075CFFC /* PBXContainerItemProxy */ = {
			isa = PBXContainerItemProxy;
			containerPortal = 24B7102B1B7F20160075CFFC /* Project object */;
			proxyType = 1;
			remoteGlobalIDString = 24B710321B7F20160075CFFC;
			remoteInfo = SIFloatingCollectionExample_Swift;
		};
/* End PBXContainerItemProxy section */

/* Begin PBXFileReference section */
		24B710331B7F20160075CFFC /* SIFloatingCollectionExample_Swift.app */ = {isa = PBXFileReference; explicitFileType = wrapper.application; includeInIndex = 0; path = SIFloatingCollectionExample_Swift.app; sourceTree = BUILT_PRODUCTS_DIR; };
		24B710371B7F20160075CFFC /* Info.plist */ = {isa = PBXFileReference; lastKnownFileType = text.plist.xml; path = Info.plist; sourceTree = "<group>"; };
		24B710381B7F20160075CFFC /* AppDelegate.swift */ = {isa = PBXFileReference; lastKnownFileType = sourcecode.swift; path = AppDelegate.swift; sourceTree = "<group>"; };
		24B7103A1B7F20160075CFFC /* ViewController.swift */ = {isa = PBXFileReference; lastKnownFileType = sourcecode.swift; path = ViewController.swift; sourceTree = "<group>"; };
		24B7103D1B7F20160075CFFC /* Base */ = {isa = PBXFileReference; lastKnownFileType = file.storyboard; name = Base; path = Base.lproj/Main.storyboard; sourceTree = "<group>"; };
		24B7103F1B7F20160075CFFC /* Images.xcassets */ = {isa = PBXFileReference; lastKnownFileType = folder.assetcatalog; path = Images.xcassets; sourceTree = "<group>"; };
		24B710421B7F20170075CFFC /* Base */ = {isa = PBXFileReference; lastKnownFileType = file.xib; name = Base; path = Base.lproj/LaunchScreen.xib; sourceTree = "<group>"; };
		24B710481B7F20170075CFFC /* SIFloatingCollectionExample_SwiftTests.xctest */ = {isa = PBXFileReference; explicitFileType = wrapper.cfbundle; includeInIndex = 0; path = SIFloatingCollectionExample_SwiftTests.xctest; sourceTree = BUILT_PRODUCTS_DIR; };
		24B7104D1B7F20170075CFFC /* Info.plist */ = {isa = PBXFileReference; lastKnownFileType = text.plist.xml; path = Info.plist; sourceTree = "<group>"; };
		24B7104E1B7F20170075CFFC /* SIFloatingCollectionExample_SwiftTests.swift */ = {isa = PBXFileReference; lastKnownFileType = sourcecode.swift; path = SIFloatingCollectionExample_SwiftTests.swift; sourceTree = "<group>"; };
		24B710591B7F20620075CFFC /* SIFloatingNode.swift */ = {isa = PBXFileReference; fileEncoding = 4; lastKnownFileType = sourcecode.swift; path = SIFloatingNode.swift; sourceTree = "<group>"; };
		24B7105B1B7F20810075CFFC /* SIFloatingCollectionScene.swift */ = {isa = PBXFileReference; fileEncoding = 4; lastKnownFileType = sourcecode.swift; path = SIFloatingCollectionScene.swift; sourceTree = "<group>"; };
		24B7105D1B7F20B80075CFFC /* CGFloat.swift */ = {isa = PBXFileReference; fileEncoding = 4; lastKnownFileType = sourcecode.swift; path = CGFloat.swift; sourceTree = "<group>"; };
		24B7105F1B7F21270075CFFC /* CoreGraphics.framework */ = {isa = PBXFileReference; lastKnownFileType = wrapper.framework; name = CoreGraphics.framework; path = System/Library/Frameworks/CoreGraphics.framework; sourceTree = SDKROOT; };
		24B710611B7F220B0075CFFC /* BubbleTextNode.swift */ = {isa = PBXFileReference; fileEncoding = 4; lastKnownFileType = sourcecode.swift; path = BubbleTextNode.swift; sourceTree = "<group>"; };
		24B710631B7F229F0075CFFC /* BubblesScece.swift */ = {isa = PBXFileReference; fileEncoding = 4; lastKnownFileType = sourcecode.swift; path = BubblesScece.swift; sourceTree = "<group>"; };
/* End PBXFileReference section */

/* Begin PBXFrameworksBuildPhase section */
		24B710301B7F20160075CFFC /* Frameworks */ = {
			isa = PBXFrameworksBuildPhase;
			buildActionMask = 2147483647;
			files = (
				24B710601B7F21270075CFFC /* CoreGraphics.framework in Frameworks */,
			);
			runOnlyForDeploymentPostprocessing = 0;
		};
		24B710451B7F20170075CFFC /* Frameworks */ = {
			isa = PBXFrameworksBuildPhase;
			buildActionMask = 2147483647;
			files = (
			);
			runOnlyForDeploymentPostprocessing = 0;
		};
/* End PBXFrameworksBuildPhase section */

/* Begin PBXGroup section */
		24B7102A1B7F20160075CFFC = {
			isa = PBXGroup;
			children = (
				24B7105F1B7F21270075CFFC /* CoreGraphics.framework */,
				24B710351B7F20160075CFFC /* SIFloatingCollectionExample_Swift */,
				24B7104B1B7F20170075CFFC /* SIFloatingCollectionExample_SwiftTests */,
				24B710341B7F20160075CFFC /* Products */,
			);
			sourceTree = "<group>";
		};
		24B710341B7F20160075CFFC /* Products */ = {
			isa = PBXGroup;
			children = (
				24B710331B7F20160075CFFC /* SIFloatingCollectionExample_Swift.app */,
				24B710481B7F20170075CFFC /* SIFloatingCollectionExample_SwiftTests.xctest */,
			);
			name = Products;
			sourceTree = "<group>";
		};
		24B710351B7F20160075CFFC /* SIFloatingCollectionExample_Swift */ = {
			isa = PBXGroup;
			children = (
				24B710581B7F20540075CFFC /* Sources */,
				24B710381B7F20160075CFFC /* AppDelegate.swift */,
				24B7103A1B7F20160075CFFC /* ViewController.swift */,
				24B7103C1B7F20160075CFFC /* Main.storyboard */,
				24B7103F1B7F20160075CFFC /* Images.xcassets */,
				24B710411B7F20160075CFFC /* LaunchScreen.xib */,
				24B710361B7F20160075CFFC /* Supporting Files */,
				24B7105D1B7F20B80075CFFC /* CGFloat.swift */,
				24B710611B7F220B0075CFFC /* BubbleTextNode.swift */,
				24B710631B7F229F0075CFFC /* BubblesScece.swift */,
			);
			path = SIFloatingCollectionExample_Swift;
			sourceTree = "<group>";
		};
		24B710361B7F20160075CFFC /* Supporting Files */ = {
			isa = PBXGroup;
			children = (
				24B710371B7F20160075CFFC /* Info.plist */,
			);
			name = "Supporting Files";
			sourceTree = "<group>";
		};
		24B7104B1B7F20170075CFFC /* SIFloatingCollectionExample_SwiftTests */ = {
			isa = PBXGroup;
			children = (
				24B7104E1B7F20170075CFFC /* SIFloatingCollectionExample_SwiftTests.swift */,
				24B7104C1B7F20170075CFFC /* Supporting Files */,
			);
			path = SIFloatingCollectionExample_SwiftTests;
			sourceTree = "<group>";
		};
		24B7104C1B7F20170075CFFC /* Supporting Files */ = {
			isa = PBXGroup;
			children = (
				24B7104D1B7F20170075CFFC /* Info.plist */,
			);
			name = "Supporting Files";
			sourceTree = "<group>";
		};
		24B710581B7F20540075CFFC /* Sources */ = {
			isa = PBXGroup;
			children = (
				24B710591B7F20620075CFFC /* SIFloatingNode.swift */,
				24B7105B1B7F20810075CFFC /* SIFloatingCollectionScene.swift */,
			);
			name = Sources;
			path = ../../Sources;
			sourceTree = "<group>";
		};
/* End PBXGroup section */

/* Begin PBXNativeTarget section */
		24B710321B7F20160075CFFC /* SIFloatingCollectionExample_Swift */ = {
			isa = PBXNativeTarget;
			buildConfigurationList = 24B710521B7F20170075CFFC /* Build configuration list for PBXNativeTarget "SIFloatingCollectionExample_Swift" */;
			buildPhases = (
				24B7102F1B7F20160075CFFC /* Sources */,
				24B710301B7F20160075CFFC /* Frameworks */,
				24B710311B7F20160075CFFC /* Resources */,
			);
			buildRules = (
			);
			dependencies = (
			);
			name = SIFloatingCollectionExample_Swift;
			productName = SIFloatingCollectionExample_Swift;
			productReference = 24B710331B7F20160075CFFC /* SIFloatingCollectionExample_Swift.app */;
			productType = "com.apple.product-type.application";
		};
		24B710471B7F20170075CFFC /* SIFloatingCollectionExample_SwiftTests */ = {
			isa = PBXNativeTarget;
			buildConfigurationList = 24B710551B7F20170075CFFC /* Build configuration list for PBXNativeTarget "SIFloatingCollectionExample_SwiftTests" */;
			buildPhases = (
				24B710441B7F20170075CFFC /* Sources */,
				24B710451B7F20170075CFFC /* Frameworks */,
				24B710461B7F20170075CFFC /* Resources */,
			);
			buildRules = (
			);
			dependencies = (
				24B7104A1B7F20170075CFFC /* PBXTargetDependency */,
			);
			name = SIFloatingCollectionExample_SwiftTests;
			productName = SIFloatingCollectionExample_SwiftTests;
			productReference = 24B710481B7F20170075CFFC /* SIFloatingCollectionExample_SwiftTests.xctest */;
			productType = "com.apple.product-type.bundle.unit-test";
		};
/* End PBXNativeTarget section */

/* Begin PBXProject section */
		24B7102B1B7F20160075CFFC /* Project object */ = {
			isa = PBXProject;
			attributes = {
				LastUpgradeCheck = 0640;
				ORGANIZATIONNAME = ProudOfZiggy;
				TargetAttributes = {
					24B710321B7F20160075CFFC = {
						CreatedOnToolsVersion = 6.4;
					};
					24B710471B7F20170075CFFC = {
						CreatedOnToolsVersion = 6.4;
						TestTargetID = 24B710321B7F20160075CFFC;
					};
				};
			};
			buildConfigurationList = 24B7102E1B7F20160075CFFC /* Build configuration list for PBXProject "SIFloatingCollectionExample_Swift" */;
			compatibilityVersion = "Xcode 3.2";
			developmentRegion = English;
			hasScannedForEncodings = 0;
			knownRegions = (
				en,
				Base,
			);
			mainGroup = 24B7102A1B7F20160075CFFC;
			productRefGroup = 24B710341B7F20160075CFFC /* Products */;
			projectDirPath = "";
			projectRoot = "";
			targets = (
				24B710321B7F20160075CFFC /* SIFloatingCollectionExample_Swift */,
				24B710471B7F20170075CFFC /* SIFloatingCollectionExample_SwiftTests */,
			);
		};
/* End PBXProject section */

/* Begin PBXResourcesBuildPhase section */
		24B710311B7F20160075CFFC /* Resources */ = {
			isa = PBXResourcesBuildPhase;
			buildActionMask = 2147483647;
			files = (
				24B7103E1B7F20160075CFFC /* Main.storyboard in Resources */,
				24B710431B7F20170075CFFC /* LaunchScreen.xib in Resources */,
				24B710401B7F20160075CFFC /* Images.xcassets in Resources */,
			);
			runOnlyForDeploymentPostprocessing = 0;
		};
		24B710461B7F20170075CFFC /* Resources */ = {
			isa = PBXResourcesBuildPhase;
			buildActionMask = 2147483647;
			files = (
			);
			runOnlyForDeploymentPostprocessing = 0;
		};
/* End PBXResourcesBuildPhase section */

/* Begin PBXSourcesBuildPhase section */
		24B7102F1B7F20160075CFFC /* Sources */ = {
			isa = PBXSourcesBuildPhase;
			buildActionMask = 2147483647;
			files = (
				24B7105E1B7F20B80075CFFC /* CGFloat.swift in Sources */,
				24B7105C1B7F20810075CFFC /* SIFloatingCollectionScene.swift in Sources */,
				24B7103B1B7F20160075CFFC /* ViewController.swift in Sources */,
				24B710641B7F229F0075CFFC /* BubblesScece.swift in Sources */,
				24B710391B7F20160075CFFC /* AppDelegate.swift in Sources */,
				24B710621B7F220B0075CFFC /* BubbleTextNode.swift in Sources */,
				24B7105A1B7F20620075CFFC /* SIFloatingNode.swift in Sources */,
			);
			runOnlyForDeploymentPostprocessing = 0;
		};
		24B710441B7F20170075CFFC /* Sources */ = {
			isa = PBXSourcesBuildPhase;
			buildActionMask = 2147483647;
			files = (
				24B7104F1B7F20170075CFFC /* SIFloatingCollectionExample_SwiftTests.swift in Sources */,
			);
			runOnlyForDeploymentPostprocessing = 0;
		};
/* End PBXSourcesBuildPhase section */

/* Begin PBXTargetDependency section */
		24B7104A1B7F20170075CFFC /* PBXTargetDependency */ = {
			isa = PBXTargetDependency;
			target = 24B710321B7F20160075CFFC /* SIFloatingCollectionExample_Swift */;
			targetProxy = 24B710491B7F20170075CFFC /* PBXContainerItemProxy */;
		};
/* End PBXTargetDependency section */

/* Begin PBXVariantGroup section */
		24B7103C1B7F20160075CFFC /* Main.storyboard */ = {
			isa = PBXVariantGroup;
			children = (
				24B7103D1B7F20160075CFFC /* Base */,
			);
			name = Main.storyboard;
			sourceTree = "<group>";
		};
		24B710411B7F20160075CFFC /* LaunchScreen.xib */ = {
			isa = PBXVariantGroup;
			children = (
				24B710421B7F20170075CFFC /* Base */,
			);
			name = LaunchScreen.xib;
			sourceTree = "<group>";
		};
/* End PBXVariantGroup section */

/* Begin XCBuildConfiguration section */
		24B710501B7F20170075CFFC /* Debug */ = {
			isa = XCBuildConfiguration;
			buildSettings = {
				ALWAYS_SEARCH_USER_PATHS = NO;
				CLANG_CXX_LANGUAGE_STANDARD = "gnu++0x";
				CLANG_CXX_LIBRARY = "libc++";
				CLANG_ENABLE_MODULES = YES;
				CLANG_ENABLE_OBJC_ARC = YES;
				CLANG_WARN_BOOL_CONVERSION = YES;
				CLANG_WARN_CONSTANT_CONVERSION = YES;
				CLANG_WARN_DIRECT_OBJC_ISA_USAGE = YES_ERROR;
				CLANG_WARN_EMPTY_BODY = YES;
				CLANG_WARN_ENUM_CONVERSION = YES;
				CLANG_WARN_INT_CONVERSION = YES;
				CLANG_WARN_OBJC_ROOT_CLASS = YES_ERROR;
				CLANG_WARN_UNREACHABLE_CODE = YES;
				CLANG_WARN__DUPLICATE_METHOD_MATCH = YES;
				"CODE_SIGN_IDENTITY[sdk=iphoneos*]" = "iPhone Developer";
				COPY_PHASE_STRIP = NO;
				DEBUG_INFORMATION_FORMAT = "dwarf-with-dsym";
				ENABLE_STRICT_OBJC_MSGSEND = YES;
				GCC_C_LANGUAGE_STANDARD = gnu99;
				GCC_DYNAMIC_NO_PIC = NO;
				GCC_NO_COMMON_BLOCKS = YES;
				GCC_OPTIMIZATION_LEVEL = 0;
				GCC_PREPROCESSOR_DEFINITIONS = (
					"DEBUG=1",
					"$(inherited)",
				);
				GCC_SYMBOLS_PRIVATE_EXTERN = NO;
				GCC_WARN_64_TO_32_BIT_CONVERSION = YES;
				GCC_WARN_ABOUT_RETURN_TYPE = YES_ERROR;
				GCC_WARN_UNDECLARED_SELECTOR = YES;
				GCC_WARN_UNINITIALIZED_AUTOS = YES_AGGRESSIVE;
				GCC_WARN_UNUSED_FUNCTION = YES;
				GCC_WARN_UNUSED_VARIABLE = YES;
				IPHONEOS_DEPLOYMENT_TARGET = 8.4;
				MTL_ENABLE_DEBUG_INFO = YES;
				ONLY_ACTIVE_ARCH = YES;
				SDKROOT = iphoneos;
				SWIFT_OPTIMIZATION_LEVEL = "-Onone";
			};
			name = Debug;
		};
		24B710511B7F20170075CFFC /* Release */ = {
			isa = XCBuildConfiguration;
			buildSettings = {
				ALWAYS_SEARCH_USER_PATHS = NO;
				CLANG_CXX_LANGUAGE_STANDARD = "gnu++0x";
				CLANG_CXX_LIBRARY = "libc++";
				CLANG_ENABLE_MODULES = YES;
				CLANG_ENABLE_OBJC_ARC = YES;
				CLANG_WARN_BOOL_CONVERSION = YES;
				CLANG_WARN_CONSTANT_CONVERSION = YES;
				CLANG_WARN_DIRECT_OBJC_ISA_USAGE = YES_ERROR;
				CLANG_WARN_EMPTY_BODY = YES;
				CLANG_WARN_ENUM_CONVERSION = YES;
				CLANG_WARN_INT_CONVERSION = YES;
				CLANG_WARN_OBJC_ROOT_CLASS = YES_ERROR;
				CLANG_WARN_UNREACHABLE_CODE = YES;
				CLANG_WARN__DUPLICATE_METHOD_MATCH = YES;
				"CODE_SIGN_IDENTITY[sdk=iphoneos*]" = "iPhone Developer";
				COPY_PHASE_STRIP = NO;
				DEBUG_INFORMATION_FORMAT = "dwarf-with-dsym";
				ENABLE_NS_ASSERTIONS = NO;
				ENABLE_STRICT_OBJC_MSGSEND = YES;
				GCC_C_LANGUAGE_STANDARD = gnu99;
				GCC_NO_COMMON_BLOCKS = YES;
				GCC_WARN_64_TO_32_BIT_CONVERSION = YES;
				GCC_WARN_ABOUT_RETURN_TYPE = YES_ERROR;
				GCC_WARN_UNDECLARED_SELECTOR = YES;
				GCC_WARN_UNINITIALIZED_AUTOS = YES_AGGRESSIVE;
				GCC_WARN_UNUSED_FUNCTION = YES;
				GCC_WARN_UNUSED_VARIABLE = YES;
				IPHONEOS_DEPLOYMENT_TARGET = 8.4;
				MTL_ENABLE_DEBUG_INFO = NO;
				SDKROOT = iphoneos;
				VALIDATE_PRODUCT = YES;
			};
			name = Release;
		};
		24B710531B7F20170075CFFC /* Debug */ = {
			isa = XCBuildConfiguration;
			buildSettings = {
				ASSETCATALOG_COMPILER_APPICON_NAME = AppIcon;
				INFOPLIST_FILE = SIFloatingCollectionExample_Swift/Info.plist;
				LD_RUNPATH_SEARCH_PATHS = "$(inherited) @executable_path/Frameworks";
				PRODUCT_NAME = "$(TARGET_NAME)";
			};
			name = Debug;
		};
		24B710541B7F20170075CFFC /* Release */ = {
			isa = XCBuildConfiguration;
			buildSettings = {
				ASSETCATALOG_COMPILER_APPICON_NAME = AppIcon;
				INFOPLIST_FILE = SIFloatingCollectionExample_Swift/Info.plist;
				LD_RUNPATH_SEARCH_PATHS = "$(inherited) @executable_path/Frameworks";
				PRODUCT_NAME = "$(TARGET_NAME)";
			};
			name = Release;
		};
		24B710561B7F20170075CFFC /* Debug */ = {
			isa = XCBuildConfiguration;
			buildSettings = {
				BUNDLE_LOADER = "$(TEST_HOST)";
				FRAMEWORK_SEARCH_PATHS = (
					"$(SDKROOT)/Developer/Library/Frameworks",
					"$(inherited)",
				);
				GCC_PREPROCESSOR_DEFINITIONS = (
					"DEBUG=1",
					"$(inherited)",
				);
				INFOPLIST_FILE = SIFloatingCollectionExample_SwiftTests/Info.plist;
				LD_RUNPATH_SEARCH_PATHS = "$(inherited) @executable_path/Frameworks @loader_path/Frameworks";
				PRODUCT_NAME = "$(TARGET_NAME)";
				TEST_HOST = "$(BUILT_PRODUCTS_DIR)/SIFloatingCollectionExample_Swift.app/SIFloatingCollectionExample_Swift";
			};
			name = Debug;
		};
		24B710571B7F20170075CFFC /* Release */ = {
			isa = XCBuildConfiguration;
			buildSettings = {
				BUNDLE_LOADER = "$(TEST_HOST)";
				FRAMEWORK_SEARCH_PATHS = (
					"$(SDKROOT)/Developer/Library/Frameworks",
					"$(inherited)",
				);
				INFOPLIST_FILE = SIFloatingCollectionExample_SwiftTests/Info.plist;
				LD_RUNPATH_SEARCH_PATHS = "$(inherited) @executable_path/Frameworks @loader_path/Frameworks";
				PRODUCT_NAME = "$(TARGET_NAME)";
				TEST_HOST = "$(BUILT_PRODUCTS_DIR)/SIFloatingCollectionExample_Swift.app/SIFloatingCollectionExample_Swift";
			};
			name = Release;
		};
/* End XCBuildConfiguration section */

/* Begin XCConfigurationList section */
		24B7102E1B7F20160075CFFC /* Build configuration list for PBXProject "SIFloatingCollectionExample_Swift" */ = {
			isa = XCConfigurationList;
			buildConfigurations = (
				24B710501B7F20170075CFFC /* Debug */,
				24B710511B7F20170075CFFC /* Release */,
			);
			defaultConfigurationIsVisible = 0;
			defaultConfigurationName = Release;
		};
		24B710521B7F20170075CFFC /* Build configuration list for PBXNativeTarget "SIFloatingCollectionExample_Swift" */ = {
			isa = XCConfigurationList;
			buildConfigurations = (
				24B710531B7F20170075CFFC /* Debug */,
				24B710541B7F20170075CFFC /* Release */,
			);
			defaultConfigurationIsVisible = 0;
			defaultConfigurationName = Release;
		};
		24B710551B7F20170075CFFC /* Build configuration list for PBXNativeTarget "SIFloatingCollectionExample_SwiftTests" */ = {
			isa = XCConfigurationList;
			buildConfigurations = (
				24B710561B7F20170075CFFC /* Debug */,
				24B710571B7F20170075CFFC /* Release */,
			);
			defaultConfigurationIsVisible = 0;
			defaultConfigurationName = Release;
		};
/* End XCConfigurationList section */
	};
	rootObject = 24B7102B1B7F20160075CFFC /* Project object */;
}
